{
  "requires": true,
  "lockfileVersion": 1,
  "dependencies": {
    "ionicons": {
      "version": "4.4.6",
      "resolved": "https://registry.npmjs.org/ionicons/-/ionicons-4.4.6.tgz",
      "integrity": "sha512-X+HRyn6Y0HXxSEjIOSH+p7He8QEaAJj3644Ce+MBFVwA8GHbTaPQcA/hO/L9AxzERrOd5UtN1JkgD1TSgPR7IA=="
    }
  }
}
